
Microsoft Visual Studio Solution File, Format Version 12.00
# Visual Studio Version 17
VisualStudioVersion = 17.14.36121.58 d17.14
MinimumVisualStudioVersion = 10.0.40219.1
Project("{FAE04EC0-301F-11D3-BF4B-00C04F79EFBC}") = "DatingApp", "DatingApp\DatingApp.csproj", "{DA7CA255-9FD5-4769-931B-D728FE4F619E}"
EndProject
Global
	GlobalSection(SolutionConfigurationPlatforms) = preSolution
		Debug|Any CPU = Debug|Any CPU
		Release|Any CPU = Release|Any CPU
	EndGlobalSection
	GlobalSection(ProjectConfigurationPlatforms) = postSolution
		{DA7CA255-9FD5-4769-931B-D728FE4F619E}.Debug|Any CPU.ActiveCfg = Debug|Any CPU
		{DA7CA255-9FD5-4769-931B-D728FE4F619E}.Debug|Any CPU.Build.0 = Debug|Any CPU
		{DA7CA255-9FD5-4769-931B-D728FE4F619E}.Release|Any CPU.ActiveCfg = Release|Any CPU
		{DA7CA255-9FD5-4769-931B-D728FE4F619E}.Release|Any CPU.Build.0 = Release|Any CPU
	EndGlobalSection
	GlobalSection(SolutionProperties) = preSolution
		HideSolutionNode = FALSE
	EndGlobalSection
	GlobalSection(ExtensibilityGlobals) = postSolution
		SolutionGuid = {515D3A1D-EB5B-4A9F-9662-290F98B37731}
	EndGlobalSection
EndGlobal
